
Microsoft Visual Studio Solution File, Format Version 11.00
# Visual Studio 2010
Project("{FAE04EC0-301F-11D3-BF4B-00C04F79EFBC}") = "ProjectET", "ProjectET\ProjectET.csproj", "{163067E3-C09E-48CD-B237-BED532B156DB}"
EndProject
Global
	GlobalSection(SolutionConfigurationPlatforms) = preSolution
		Debug|x86 = Debug|x86
		Release|x86 = Release|x86
	EndGlobalSection
	GlobalSection(ProjectConfigurationPlatforms) = postSolution
		{163067E3-C09E-48CD-B237-BED532B156DB}.Debug|x86.ActiveCfg = Debug|x86
		{163067E3-C09E-48CD-B237-BED532B156DB}.Debug|x86.Build.0 = Debug|x86
		{163067E3-C09E-48CD-B237-BED532B156DB}.Release|x86.ActiveCfg = Release|x86
		{163067E3-C09E-48CD-B237-BED532B156DB}.Release|x86.Build.0 = Release|x86
	EndGlobalSection
	GlobalSection(MonoDevelopProperties) = preSolution
		StartupItem = ProjectET\ProjectET.csproj
	EndGlobalSection
EndGlobal
